
Microsoft Visual Studio Solution File, Format Version 12.00
# Visual Studio Version 16
VisualStudioVersion = 16.0.31402.337
MinimumVisualStudioVersion = 10.0.40219.1
Project("{9A19103F-16F7-4668-BE54-9A1E7A4F7556}") = "ASPNetCoreEFCoreFacit", "ASPNetCoreEFCoreFacit\ASPNetCoreEFCoreFacit.csproj", "{56306540-DA9B-4410-9F21-B0A2F9C51760}"
EndProject
Global
	GlobalSection(SolutionConfigurationPlatforms) = preSolution
		Debug|Any CPU = Debug|Any CPU
		Release|Any CPU = Release|Any CPU
	EndGlobalSection
	GlobalSection(ProjectConfigurationPlatforms) = postSolution
		{56306540-DA9B-4410-9F21-B0A2F9C51760}.Debug|Any CPU.ActiveCfg = Debug|Any CPU
		{56306540-DA9B-4410-9F21-B0A2F9C51760}.Debug|Any CPU.Build.0 = Debug|Any CPU
		{56306540-DA9B-4410-9F21-B0A2F9C51760}.Release|Any CPU.ActiveCfg = Release|Any CPU
		{56306540-DA9B-4410-9F21-B0A2F9C51760}.Release|Any CPU.Build.0 = Release|Any CPU
	EndGlobalSection
	GlobalSection(SolutionProperties) = preSolution
		HideSolutionNode = FALSE
	EndGlobalSection
	GlobalSection(ExtensibilityGlobals) = postSolution
		SolutionGuid = {436AB0AB-BBA2-4127-9064-75F37235202C}
	EndGlobalSection
EndGlobal
